
Microsoft Visual Studio Solution File, Format Version 12.00
# Visual Studio Version 16
VisualStudioVersion = 16.0.30804.86
MinimumVisualStudioVersion = 10.0.40219.1
Project("{9A19103F-16F7-4668-BE54-9A1E7A4F7556}") = "GreenLeavesApi", "GreenLeavesApi.csproj", "{8F794B80-C56C-4B16-9E9B-F66580B5F210}"
EndProject
Project("{9A19103F-16F7-4668-BE54-9A1E7A4F7556}") = "Models", "..\Models\Models.csproj", "{3E5F088A-8B7F-45C2-BEF4-1EAB63EAC665}"
EndProject
Project("{9A19103F-16F7-4668-BE54-9A1E7A4F7556}") = "DataAccess", "..\DataAccess\DataAccess.csproj", "{DF0E38FE-1532-4C79-979C-C578A2398B20}"
EndProject
Global
	GlobalSection(SolutionConfigurationPlatforms) = preSolution
		Debug|Any CPU = Debug|Any CPU
		Release|Any CPU = Release|Any CPU
	EndGlobalSection
	GlobalSection(ProjectConfigurationPlatforms) = postSolution
		{8F794B80-C56C-4B16-9E9B-F66580B5F210}.Debug|Any CPU.ActiveCfg = Debug|Any CPU
		{8F794B80-C56C-4B16-9E9B-F66580B5F210}.Debug|Any CPU.Build.0 = Debug|Any CPU
		{8F794B80-C56C-4B16-9E9B-F66580B5F210}.Release|Any CPU.ActiveCfg = Release|Any CPU
		{8F794B80-C56C-4B16-9E9B-F66580B5F210}.Release|Any CPU.Build.0 = Release|Any CPU
		{3E5F088A-8B7F-45C2-BEF4-1EAB63EAC665}.Debug|Any CPU.ActiveCfg = Debug|Any CPU
		{3E5F088A-8B7F-45C2-BEF4-1EAB63EAC665}.Debug|Any CPU.Build.0 = Debug|Any CPU
		{3E5F088A-8B7F-45C2-BEF4-1EAB63EAC665}.Release|Any CPU.ActiveCfg = Release|Any CPU
		{3E5F088A-8B7F-45C2-BEF4-1EAB63EAC665}.Release|Any CPU.Build.0 = Release|Any CPU
		{DF0E38FE-1532-4C79-979C-C578A2398B20}.Debug|Any CPU.ActiveCfg = Debug|Any CPU
		{DF0E38FE-1532-4C79-979C-C578A2398B20}.Debug|Any CPU.Build.0 = Debug|Any CPU
		{DF0E38FE-1532-4C79-979C-C578A2398B20}.Release|Any CPU.ActiveCfg = Release|Any CPU
		{DF0E38FE-1532-4C79-979C-C578A2398B20}.Release|Any CPU.Build.0 = Release|Any CPU
	EndGlobalSection
	GlobalSection(SolutionProperties) = preSolution
		HideSolutionNode = FALSE
	EndGlobalSection
	GlobalSection(ExtensibilityGlobals) = postSolution
		SolutionGuid = {984F0DDE-D6C4-4C18-9DB8-A6954E389605}
	EndGlobalSection
EndGlobal
